<?xml version="1.0" encoding="utf-8"?>
<Project ToolsVersion="4.0" xmlns="http://schemas.microsoft.com/developer/msbuild/2003">
  <ItemGroup>
    <Filter Include="Source Files">
      <UniqueIdentifier>{4FC737F1-C7A5-4376-A066-2A32D752A2FF}</UniqueIdentifier>
      <Extensions>cpp;c;cc;cxx;def;odl;idl;hpj;bat;asm;asmx</Extensions>
    </Filter>
    <Filter Include="Code">
      <UniqueIdentifier>{ae750eca-695d-4864-8a94-5dbf3d271c95}</UniqueIdentifier>
    </Filter>
    <Filter Include="Code\Game engine">
      <UniqueIdentifier>{e55695dd-7936-40f1-ac51-670b01dba2f5}</UniqueIdentifier>
    </Filter>
    <Filter Include="Code\Game engine\input systems">
      <UniqueIdentifier>{3329ed4b-6a47-4611-90f4-e4fd883bb440}</UniqueIdentifier>
    </Filter>
    <Filter Include="Code\Game engine\UI systems">
      <UniqueIdentifier>{7465677c-57e4-4d06-b0a0-94a7d15fe9a9}</UniqueIdentifier>
    </Filter>
    <Filter Include="Code\Game engine\object systems">
      <UniqueIdentifier>{ae5fbd5f-1136-490c-ba29-ad0f50e31411}</UniqueIdentifier>
    </Filter>
    <Filter Include="Code\setup">
      <UniqueIdentifier>{24cb04e0-224d-4e3d-8398-de1c4515f9e8}</UniqueIdentifier>
    </Filter>
    <Filter Include="Assets">
      <UniqueIdentifier>{7303a35f-ca18-4bdd-9212-061acaf2ec6d}</UniqueIdentifier>
    </Filter>
    <Filter Include="Assets\Fonts">
      <UniqueIdentifier>{c0f78d7b-786d-4905-9de0-e465e6169eee}</UniqueIdentifier>
    </Filter>
    <Filter Include="Assets\Objects">
      <UniqueIdentifier>{cc09739d-d0de-4d2e-9f0e-bb21a668fcb2}</UniqueIdentifier>
    </Filter>
    <Filter Include="Assets\Test">
      <UniqueIdentifier>{8385eb6b-7ba1-4ca9-848a-2d4cca70ec8a}</UniqueIdentifier>
    </Filter>
    <Filter Include="Code\Game engine\Animation systems">
      <UniqueIdentifier>{0e18e948-c885-4f48-af7b-63af040eed13}</UniqueIdentifier>
    </Filter>
  </ItemGroup>
  <ItemGroup>
    <ClCompile Include="..\main.cpp">
      <Filter>Source Files</Filter>
    </ClCompile>
  </ItemGroup>
  <ItemGroup>
    <ClInclude Include="..\Code\Game engine\Input systems\input.hpp">
      <Filter>Code\Game engine\input systems</Filter>
    </ClInclude>
    <ClInclude Include="..\Code\Game engine\Object systems\GameObject.hpp">
      <Filter>Code\Game engine\object systems</Filter>
    </ClInclude>
    <ClInclude Include="..\Code\Game engine\UI systems\Button.hpp">
      <Filter>Code\Game engine\UI systems</Filter>
    </ClInclude>
    <ClInclude Include="..\Code\Game engine\UI systems\Text.hpp">
      <Filter>Code\Game engine\UI systems</Filter>
    </ClInclude>
    <ClInclude Include="..\Code\Game engine\UI systems\UI_Element.hpp">
      <Filter>Code\Game engine\UI systems</Filter>
    </ClInclude>
    <ClInclude Include="..\Code\Game engine\UI systems\UI_State.hpp">
      <Filter>Code\Game engine\UI systems</Filter>
    </ClInclude>
    <ClInclude Include="..\Code\Setup\GameState.hpp">
      <Filter>Code\setup</Filter>
    </ClInclude>
    <ClInclude Include="..\Code\Setup\InitializeUI.hpp">
      <Filter>Code\setup</Filter>
    </ClInclude>
    <ClInclude Include="..\Code\Game engine\Animation systems\Animation.hpp">
      <Filter>Code\Game engine\Animation systems</Filter>
    </ClInclude>
  </ItemGroup>
  <ItemGroup>
    <Font Include="..\Assets\Fonts\Mars.otf">
      <Filter>Assets\Fonts</Filter>
    </Font>
  </ItemGroup>
  <ItemGroup>
    <Image Include="..\Assets\Test\Astronaut.png">
      <Filter>Assets\Test</Filter>
    </Image>
    <Image Include="..\Assets\Test\Astronaut_idle.png">
      <Filter>Assets\Test</Filter>
    </Image>
    <Image Include="..\Assets\Test\green_button01.png">
      <Filter>Assets\Test</Filter>
    </Image>
    <Image Include="..\Assets\Test\grey_button01.png">
      <Filter>Assets\Test</Filter>
    </Image>
    <Image Include="..\Assets\Test\testplaatje.png">
      <Filter>Assets\Test</Filter>
    </Image>
    <Image Include="..\Assets\Objects\astronaut.jpg">
      <Filter>Assets\Objects</Filter>
    </Image>
    <Image Include="..\Assets\Objects\BadShips.png">
      <Filter>Assets\Objects</Filter>
    </Image>
    <Image Include="..\Assets\Objects\brokenPurpleRobot.png">
      <Filter>Assets\Objects</Filter>
    </Image>
    <Image Include="..\Assets\Objects\Celular-gigante.png">
      <Filter>Assets\Objects</Filter>
    </Image>
    <Image Include="..\Assets\Objects\coin.jpg">
      <Filter>Assets\Objects</Filter>
    </Image>
    <Image Include="..\Assets\Objects\GreenGasPlanet.png">
      <Filter>Assets\Objects</Filter>
    </Image>
    <Image Include="..\Assets\Objects\ground.png">
      <Filter>Assets\Objects</Filter>
    </Image>
    <Image Include="..\Assets\Objects\metalPlatforms.png">
      <Filter>Assets\Objects</Filter>
    </Image>
    <Image Include="..\Assets\Objects\Satélite.png">
      <Filter>Assets\Objects</Filter>
    </Image>
    <Image Include="..\Assets\Objects\smallAlien.png">
      <Filter>Assets\Objects</Filter>
    </Image>
    <Image Include="..\Assets\Objects\smallAstronaut.png">
      <Filter>Assets\Objects</Filter>
    </Image>
    <Image Include="..\Assets\Objects\smallGreenAlien.png">
      <Filter>Assets\Objects</Filter>
    </Image>
    <Image Include="..\Assets\Objects\spaceSoldier.png">
      <Filter>Assets\Objects</Filter>
    </Image>
    <Image Include="..\Assets\Objects\spaceTiledBackground.png">
      <Filter>Assets\Objects</Filter>
    </Image>
  </ItemGroup>
  <ItemGroup>
    <None Include="..\Code\Game engine\Animation systems\AnimationStates.hpp">
      <Filter>Code\Game engine\Animation systems</Filter>
    </None>
  </ItemGroup>
</Project>