<?xml version="1.0" encoding="utf-8"?>
<Project ToolsVersion="4.0" xmlns="http://schemas.microsoft.com/developer/msbuild/2003">
  <ItemGroup>
    <Filter Include="Source Files">
      <UniqueIdentifier>{4FC737F1-C7A5-4376-A066-2A32D752A2FF}</UniqueIdentifier>
      <Extensions>cpp;c;cc;cxx;def;odl;idl;hpj;bat;asm;asmx</Extensions>
    </Filter>
    <Filter Include="Code">
      <UniqueIdentifier>{ae750eca-695d-4864-8a94-5dbf3d271c95}</UniqueIdentifier>
    </Filter>
    <Filter Include="Code\Game engine">
      <UniqueIdentifier>{e55695dd-7936-40f1-ac51-670b01dba2f5}</UniqueIdentifier>
    </Filter>
    <Filter Include="Code\Game engine\input systems">
      <UniqueIdentifier>{3329ed4b-6a47-4611-90f4-e4fd883bb440}</UniqueIdentifier>
    </Filter>
    <Filter Include="Code\Game engine\UI systems">
      <UniqueIdentifier>{7465677c-57e4-4d06-b0a0-94a7d15fe9a9}</UniqueIdentifier>
    </Filter>
    <Filter Include="Code\setup">
      <UniqueIdentifier>{24cb04e0-224d-4e3d-8398-de1c4515f9e8}</UniqueIdentifier>
    </Filter>
    <Filter Include="Assets">
      <UniqueIdentifier>{7303a35f-ca18-4bdd-9212-061acaf2ec6d}</UniqueIdentifier>
    </Filter>
    <Filter Include="Assets\Fonts">
      <UniqueIdentifier>{c0f78d7b-786d-4905-9de0-e465e6169eee}</UniqueIdentifier>
    </Filter>
    <Filter Include="Assets\Objects">
      <UniqueIdentifier>{cc09739d-d0de-4d2e-9f0e-bb21a668fcb2}</UniqueIdentifier>
    </Filter>
    <Filter Include="Assets\Test">
      <UniqueIdentifier>{8385eb6b-7ba1-4ca9-848a-2d4cca70ec8a}</UniqueIdentifier>
    </Filter>
    <Filter Include="Code\Game engine\Animation systems">
      <UniqueIdentifier>{0e18e948-c885-4f48-af7b-63af040eed13}</UniqueIdentifier>
    </Filter>
    <Filter Include="Code\Game engine\Physics systems">
      <UniqueIdentifier>{f8d56576-6285-4f62-aa59-14680d88ab24}</UniqueIdentifier>
    </Filter>
    <Filter Include="Code\Game engine\Object systems">
      <UniqueIdentifier>{ae5fbd5f-1136-490c-ba29-ad0f50e31411}</UniqueIdentifier>
    </Filter>
    <Filter Include="Code\Game engine\tile systems">
      <UniqueIdentifier>{1c76b449-1ec7-4cfc-bd32-6904f54dff34}</UniqueIdentifier>
    </Filter>
    <Filter Include="Code\Game engine\World Generation Systems">
      <UniqueIdentifier>{9f1aaea7-db1e-47d5-8fa5-66687f9fa74c}</UniqueIdentifier>
    </Filter>
    <Filter Include="Code\Game engine\world speed systems">
      <UniqueIdentifier>{ea30881e-f3fe-49f3-867f-6dd4a370cca6}</UniqueIdentifier>
    </Filter>
  </ItemGroup>
  <ItemGroup>
    <ClCompile Include="..\main.cpp">
      <Filter>Source Files</Filter>
    </ClCompile>
    <ClCompile Include="..\Code\Game engine\Physics systems\physics.cpp">
      <Filter>Code\Game engine\Physics systems</Filter>
    </ClCompile>
    <ClCompile Include="..\Code\Game engine\World generation systems\ObjectBlock.cpp">
      <Filter>Code\Game engine\World Generation Systems</Filter>
    </ClCompile>
  </ItemGroup>
  <ItemGroup>
    <ClInclude Include="..\Code\Game engine\Physics systems\physics.hpp">
      <Filter>Code\Game engine\Physics systems</Filter>
    </ClInclude>
    <ClInclude Include="..\Code\Game engine\Animation systems\Animation.hpp">
      <Filter>Code\Game engine\Animation systems</Filter>
    </ClInclude>
    <ClInclude Include="..\Code\Game engine\Animation systems\AnimationStates.hpp">
      <Filter>Code\Game engine\Animation systems</Filter>
    </ClInclude>
    <ClInclude Include="..\Code\Game engine\Input systems\input.hpp">
      <Filter>Code\Game engine\input systems</Filter>
    </ClInclude>
    <ClInclude Include="..\Code\Game engine\UI systems\Button.hpp">
      <Filter>Code\Game engine\UI systems</Filter>
    </ClInclude>
    <ClInclude Include="..\Code\Game engine\UI systems\Text.hpp">
      <Filter>Code\Game engine\UI systems</Filter>
    </ClInclude>
    <ClInclude Include="..\Code\Game engine\UI systems\UI_Element.hpp">
      <Filter>Code\Game engine\UI systems</Filter>
    </ClInclude>
    <ClInclude Include="..\Code\Game engine\UI systems\UI_State.hpp">
      <Filter>Code\Game engine\UI systems</Filter>
    </ClInclude>
    <ClInclude Include="..\Code\Game engine\Tile systems\Texture.hpp">
      <Filter>Code\Game engine\tile systems</Filter>
    </ClInclude>
    <ClInclude Include="..\Code\Game engine\Tile systems\TextureManager.hpp">
      <Filter>Code\Game engine\tile systems</Filter>
    </ClInclude>
    <ClInclude Include="..\Code\Game engine\Tile systems\Tile.hpp">
      <Filter>Code\Game engine\tile systems</Filter>
    </ClInclude>
    <ClInclude Include="..\Code\Game engine\Object systems\GameObject.hpp">
      <Filter>Code\Game engine\Object systems</Filter>
    </ClInclude>
    <ClInclude Include="..\Code\Game engine\Object systems\Player.hpp">
      <Filter>Code\Game engine\Object systems</Filter>
    </ClInclude>
    <ClInclude Include="..\Code\Setup\GameState.hpp">
      <Filter>Code\setup</Filter>
    </ClInclude>
    <ClInclude Include="..\Code\Setup\InitializeAnimations.hpp">
      <Filter>Code\setup</Filter>
    </ClInclude>
    <ClInclude Include="..\Code\Setup\InitializeBlocks.hpp">
      <Filter>Code\setup</Filter>
    </ClInclude>
    <ClInclude Include="..\Code\Setup\InitializeUI.hpp">
      <Filter>Code\setup</Filter>
    </ClInclude>
    <ClInclude Include="..\Code\Game engine\Object systems\Projectile.hpp">
      <Filter>Code\Game engine\Object systems</Filter>
    </ClInclude>
    <ClInclude Include="..\Code\Game engine\World generation systems\GenerateBlock.hpp">
      <Filter>Code\Game engine\World Generation Systems</Filter>
    </ClInclude>
    <ClInclude Include="..\Code\Game engine\World generation systems\ObjectBlock.hpp">
      <Filter>Code\Game engine\World Generation Systems</Filter>
    </ClInclude>
    <ClInclude Include="..\Code\Game engine\World Speed Systems\view.hpp">
      <Filter>Code\Game engine\world speed systems</Filter>
    </ClInclude>
  </ItemGroup>
  <ItemGroup>
    <Font Include="..\Assets\Fonts\Mars.otf">
      <Filter>Assets\Fonts</Filter>
    </Font>
  </ItemGroup>
  <ItemGroup>
    <Image Include="..\Assets\Objects\astronaut.jpg">
      <Filter>Assets\Objects</Filter>
    </Image>
    <Image Include="..\Assets\Objects\BadShips.png">
      <Filter>Assets\Objects</Filter>
    </Image>
    <Image Include="..\Assets\Objects\beams.png">
      <Filter>Assets\Objects</Filter>
    </Image>
    <Image Include="..\Assets\Objects\brokenPurpleRobot.png">
      <Filter>Assets\Objects</Filter>
    </Image>
    <Image Include="..\Assets\Objects\bullet.png">
      <Filter>Assets\Objects</Filter>
    </Image>
    <Image Include="..\Assets\Objects\coin.jpg">
      <Filter>Assets\Objects</Filter>
    </Image>
    <Image Include="..\Assets\Objects\GreenGasPlanet.png">
      <Filter>Assets\Objects</Filter>
    </Image>
    <Image Include="..\Assets\Objects\ground.png">
      <Filter>Assets\Objects</Filter>
    </Image>
    <Image Include="..\Assets\Objects\groundFixed.png">
      <Filter>Assets\Objects</Filter>
    </Image>
    <Image Include="..\Assets\Objects\groundkopie.png">
      <Filter>Assets\Objects</Filter>
    </Image>
    <Image Include="..\Assets\Objects\isKut.png">
      <Filter>Assets\Objects</Filter>
    </Image>
    <Image Include="..\Assets\Objects\metalPlatforms.png">
      <Filter>Assets\Objects</Filter>
    </Image>
    <Image Include="..\Assets\Objects\newBackground.jpg">
      <Filter>Assets\Objects</Filter>
    </Image>
    <Image Include="..\Assets\Objects\satellite.png">
      <Filter>Assets\Objects</Filter>
    </Image>
    <Image Include="..\Assets\Objects\smallAlien.png">
      <Filter>Assets\Objects</Filter>
    </Image>
    <Image Include="..\Assets\Objects\smallAstronaut.png">
      <Filter>Assets\Objects</Filter>
    </Image>
    <Image Include="..\Assets\Objects\smallAstronautPink.png">
      <Filter>Assets\Objects</Filter>
    </Image>
    <Image Include="..\Assets\Objects\smallGreenAlien(oroginal size).png">
      <Filter>Assets\Objects</Filter>
    </Image>
    <Image Include="..\Assets\Objects\smallGreenAlien.png">
      <Filter>Assets\Objects</Filter>
    </Image>
    <Image Include="..\Assets\Objects\smallGreenAlienTest.png">
      <Filter>Assets\Objects</Filter>
    </Image>
    <Image Include="..\Assets\Objects\smallGreenAlienTest2.png">
      <Filter>Assets\Objects</Filter>
    </Image>
    <Image Include="..\Assets\Objects\spaceSoldier.png">
      <Filter>Assets\Objects</Filter>
    </Image>
    <Image Include="..\Assets\Objects\spaceTiledBackground.png">
      <Filter>Assets\Objects</Filter>
    </Image>
    <Image Include="..\Assets\Test\Astronaut.png">
      <Filter>Assets\Test</Filter>
    </Image>
    <Image Include="..\Assets\Test\Astronaut_idle.png">
      <Filter>Assets\Test</Filter>
    </Image>
    <Image Include="..\Assets\Test\background2.png">
      <Filter>Assets\Test</Filter>
    </Image>
    <Image Include="..\Assets\Test\green_button01.png">
      <Filter>Assets\Test</Filter>
    </Image>
    <Image Include="..\Assets\Test\grey_button01.png">
      <Filter>Assets\Test</Filter>
    </Image>
    <Image Include="..\Assets\Test\linear_gradient.png">
      <Filter>Assets\Test</Filter>
    </Image>
    <Image Include="..\Assets\Test\testplaatje.png">
      <Filter>Assets\Test</Filter>
    </Image>
  </ItemGroup>
</Project>